
Microsoft Visual Studio Solution File, Format Version 12.00
# Visual Studio Version 16
VisualStudioVersion = 16.0.32510.428
MinimumVisualStudioVersion = 10.0.40219.1
Project("{FAE04EC0-301F-11D3-BF4B-00C04F79EFBC}") = "DXFLib", "DXFLib\DXFLib.csproj", "{476FA4C4-FA1D-4A2A-985B-8CBF50F82251}"
EndProject
Global
	GlobalSection(SolutionConfigurationPlatforms) = preSolution
		Debug|Any CPU = Debug|Any CPU
		Release|Any CPU = Release|Any CPU
	EndGlobalSection
	GlobalSection(ProjectConfigurationPlatforms) = postSolution
		{476FA4C4-FA1D-4A2A-985B-8CBF50F82251}.Debug|Any CPU.ActiveCfg = Debug|Any CPU
		{476FA4C4-FA1D-4A2A-985B-8CBF50F82251}.Debug|Any CPU.Build.0 = Debug|Any CPU
		{476FA4C4-FA1D-4A2A-985B-8CBF50F82251}.Release|Any CPU.ActiveCfg = Release|Any CPU
		{476FA4C4-FA1D-4A2A-985B-8CBF50F82251}.Release|Any CPU.Build.0 = Release|Any CPU
	EndGlobalSection
	GlobalSection(SolutionProperties) = preSolution
		HideSolutionNode = FALSE
	EndGlobalSection
	GlobalSection(ExtensibilityGlobals) = postSolution
		SolutionGuid = {E1A77DA2-21BD-4514-A157-5094BDAB331A}
	EndGlobalSection
	GlobalSection(TestCaseManagementSettings) = postSolution
		CategoryFile = DXFLib4.vsmdi
	EndGlobalSection
EndGlobal
